# generated by rye
# use `rye lock` or `rye sync` to update this lockfile
#
# last locked with the following flags:
#   pre: false
#   features: []
#   all-features: false

-e file:.
-e file:ht_libs
beautifulsoup4==4.12.2
bs4==0.0.1
certifi==2023.11.17
charset-normalizer==3.3.2
idna==3.4
lxml==4.9.3
rauth==0.7.3
requests==2.31.0
soupsieve==2.5
types-beautifulsoup4==4.12.0.7
types-html5lib==1.1.11.15
urllib3==2.1.0
