# generated by rye
# use `rye lock` or `rye sync` to update this lockfile
#
# last locked with the following flags:
#   pre: false
#   features: []
#   all-features: false
#   with-sources: false
#   generate-hashes: false
#   universal: false

-e file:.
-e file:ht_libs
astroid==3.0.2
    # via pylint
beautifulsoup4==4.12.2
    # via bs4
black==23.12.1
bs4==0.0.1
    # via hattrick-libs
certifi==2023.11.17
    # via requests
cfgv==3.4.0
    # via pre-commit
charset-normalizer==3.3.2
    # via requests
click==8.1.7
    # via black
dill==0.3.7
    # via pylint
distlib==0.3.8
    # via virtualenv
filelock==3.13.1
    # via virtualenv
identify==2.5.33
    # via pre-commit
idna==3.4
    # via requests
isort==5.13.2
    # via pylint
lxml==4.9.3
    # via hattrick-libs
mccabe==0.7.0
    # via pylint
mypy==1.8.0
mypy-extensions==1.0.0
    # via black
    # via mypy
nodeenv==1.8.0
    # via pre-commit
packaging==23.2
    # via black
pathspec==0.12.1
    # via black
platformdirs==4.1.0
    # via black
    # via pylint
    # via virtualenv
pre-commit==3.6.0
pylint==3.0.3
pyyaml==6.0.1
    # via pre-commit
rauth==0.7.3
    # via hattrick-libs
requests==2.31.0
    # via rauth
ruff==0.1.9
setuptools==69.0.3
    # via nodeenv
soupsieve==2.5
    # via beautifulsoup4
tomli==2.0.1
    # via black
    # via mypy
    # via pylint
tomlkit==0.12.3
    # via pylint
types-beautifulsoup4==4.12.0.7
    # via hattrick-libs
types-html5lib==1.1.11.15
    # via types-beautifulsoup4
typing-extensions==4.9.0
    # via astroid
    # via black
    # via mypy
urllib3==2.1.0
    # via requests
virtualenv==20.25.0
    # via pre-commit
